
Microsoft Visual Studio Solution File, Format Version 12.00
Project("{FAE04EC0-301F-11D3-BF4B-00C04F79EFBC}") = "WebApplication3", "WebApplication3\WebApplication3.csproj", "{0760A075-D04D-4F33-A19D-94370468BBFC}"
EndProject
Global
	GlobalSection(SolutionConfigurationPlatforms) = preSolution
		Debug|Any CPU = Debug|Any CPU
		Release|Any CPU = Release|Any CPU
	EndGlobalSection
	GlobalSection(ProjectConfigurationPlatforms) = postSolution
		{0760A075-D04D-4F33-A19D-94370468BBFC}.Debug|Any CPU.ActiveCfg = Debug|Any CPU
		{0760A075-D04D-4F33-A19D-94370468BBFC}.Debug|Any CPU.Build.0 = Debug|Any CPU
		{0760A075-D04D-4F33-A19D-94370468BBFC}.Release|Any CPU.ActiveCfg = Release|Any CPU
		{0760A075-D04D-4F33-A19D-94370468BBFC}.Release|Any CPU.Build.0 = Release|Any CPU
	EndGlobalSection
EndGlobal
